
Microsoft Visual Studio Solution File, Format Version 12.00
# Visual Studio Version 16
VisualStudioVersion = 16.0.31624.102
MinimumVisualStudioVersion = 10.0.40219.1
Project("{FAE04EC0-301F-11D3-BF4B-00C04F79EFBC}") = "PE7_Madlibs", "PE7_Madlibs.csproj", "{BA29F66B-F609-41FD-96A0-7C8A7F35045A}"
EndProject
Global
	GlobalSection(SolutionConfigurationPlatforms) = preSolution
		Debug|Any CPU = Debug|Any CPU
		Release|Any CPU = Release|Any CPU
	EndGlobalSection
	GlobalSection(ProjectConfigurationPlatforms) = postSolution
		{BA29F66B-F609-41FD-96A0-7C8A7F35045A}.Debug|Any CPU.ActiveCfg = Debug|Any CPU
		{BA29F66B-F609-41FD-96A0-7C8A7F35045A}.Debug|Any CPU.Build.0 = Debug|Any CPU
		{BA29F66B-F609-41FD-96A0-7C8A7F35045A}.Release|Any CPU.ActiveCfg = Release|Any CPU
		{BA29F66B-F609-41FD-96A0-7C8A7F35045A}.Release|Any CPU.Build.0 = Release|Any CPU
	EndGlobalSection
	GlobalSection(SolutionProperties) = preSolution
		HideSolutionNode = FALSE
	EndGlobalSection
	GlobalSection(ExtensibilityGlobals) = postSolution
		SolutionGuid = {6AB275B0-20DB-4B89-B2BB-01D17A215AB6}
	EndGlobalSection
EndGlobal
