
Microsoft Visual Studio Solution File, Format Version 12.00
# Visual Studio Version 16
VisualStudioVersion = 16.0.31624.102
MinimumVisualStudioVersion = 10.0.40219.1
Project("{FAE04EC0-301F-11D3-BF4B-00C04F79EFBC}") = "UT3Q2", "UT3Q2.csproj", "{47AE5B16-1C58-4681-84CA-FFC7CD2D7041}"
EndProject
Global
	GlobalSection(SolutionConfigurationPlatforms) = preSolution
		Debug|Any CPU = Debug|Any CPU
		Release|Any CPU = Release|Any CPU
	EndGlobalSection
	GlobalSection(ProjectConfigurationPlatforms) = postSolution
		{47AE5B16-1C58-4681-84CA-FFC7CD2D7041}.Debug|Any CPU.ActiveCfg = Debug|Any CPU
		{47AE5B16-1C58-4681-84CA-FFC7CD2D7041}.Debug|Any CPU.Build.0 = Debug|Any CPU
		{47AE5B16-1C58-4681-84CA-FFC7CD2D7041}.Release|Any CPU.ActiveCfg = Release|Any CPU
		{47AE5B16-1C58-4681-84CA-FFC7CD2D7041}.Release|Any CPU.Build.0 = Release|Any CPU
	EndGlobalSection
	GlobalSection(SolutionProperties) = preSolution
		HideSolutionNode = FALSE
	EndGlobalSection
	GlobalSection(ExtensibilityGlobals) = postSolution
		SolutionGuid = {E445929E-2539-4A9E-BA78-1853BBD23C97}
	EndGlobalSection
EndGlobal
