
Microsoft Visual Studio Solution File, Format Version 12.00
# Visual Studio Version 16
VisualStudioVersion = 16.0.31624.102
MinimumVisualStudioVersion = 10.0.40219.1
Project("{FAE04EC0-301F-11D3-BF4B-00C04F79EFBC}") = "PE21", "PE21.csproj", "{7FD211AE-4560-4CC3-9F5A-EC3C761C8A7E}"
EndProject
Global
	GlobalSection(SolutionConfigurationPlatforms) = preSolution
		Debug|Any CPU = Debug|Any CPU
		Release|Any CPU = Release|Any CPU
	EndGlobalSection
	GlobalSection(ProjectConfigurationPlatforms) = postSolution
		{7FD211AE-4560-4CC3-9F5A-EC3C761C8A7E}.Debug|Any CPU.ActiveCfg = Debug|Any CPU
		{7FD211AE-4560-4CC3-9F5A-EC3C761C8A7E}.Debug|Any CPU.Build.0 = Debug|Any CPU
		{7FD211AE-4560-4CC3-9F5A-EC3C761C8A7E}.Release|Any CPU.ActiveCfg = Release|Any CPU
		{7FD211AE-4560-4CC3-9F5A-EC3C761C8A7E}.Release|Any CPU.Build.0 = Release|Any CPU
	EndGlobalSection
	GlobalSection(SolutionProperties) = preSolution
		HideSolutionNode = FALSE
	EndGlobalSection
	GlobalSection(ExtensibilityGlobals) = postSolution
		SolutionGuid = {AFC80044-3738-423C-A85E-B9F6A017756C}
	EndGlobalSection
EndGlobal
