
Microsoft Visual Studio Solution File, Format Version 12.00
# Visual Studio Version 16
VisualStudioVersion = 16.0.31624.102
MinimumVisualStudioVersion = 10.0.40219.1
Project("{FAE04EC0-301F-11D3-BF4B-00C04F79EFBC}") = "FinalQ23", "FinalQ23.csproj", "{AEF0B9C5-07AE-43B7-A413-54EC7E5004EC}"
EndProject
Global
	GlobalSection(SolutionConfigurationPlatforms) = preSolution
		Debug|Any CPU = Debug|Any CPU
		Release|Any CPU = Release|Any CPU
	EndGlobalSection
	GlobalSection(ProjectConfigurationPlatforms) = postSolution
		{AEF0B9C5-07AE-43B7-A413-54EC7E5004EC}.Debug|Any CPU.ActiveCfg = Debug|Any CPU
		{AEF0B9C5-07AE-43B7-A413-54EC7E5004EC}.Debug|Any CPU.Build.0 = Debug|Any CPU
		{AEF0B9C5-07AE-43B7-A413-54EC7E5004EC}.Release|Any CPU.ActiveCfg = Release|Any CPU
		{AEF0B9C5-07AE-43B7-A413-54EC7E5004EC}.Release|Any CPU.Build.0 = Release|Any CPU
	EndGlobalSection
	GlobalSection(SolutionProperties) = preSolution
		HideSolutionNode = FALSE
	EndGlobalSection
	GlobalSection(ExtensibilityGlobals) = postSolution
		SolutionGuid = {788319B9-A5C7-4663-8498-08868870B993}
	EndGlobalSection
EndGlobal
