
Microsoft Visual Studio Solution File, Format Version 12.00
# Visual Studio Version 16
VisualStudioVersion = 16.0.31624.102
MinimumVisualStudioVersion = 10.0.40219.1
Project("{FAE04EC0-301F-11D3-BF4B-00C04F79EFBC}") = "UnitTestQ12", "UnitTestQ12.csproj", "{9E8E660C-8439-40CC-839E-D3CC4B439848}"
EndProject
Global
	GlobalSection(SolutionConfigurationPlatforms) = preSolution
		Debug|Any CPU = Debug|Any CPU
		Release|Any CPU = Release|Any CPU
	EndGlobalSection
	GlobalSection(ProjectConfigurationPlatforms) = postSolution
		{9E8E660C-8439-40CC-839E-D3CC4B439848}.Debug|Any CPU.ActiveCfg = Debug|Any CPU
		{9E8E660C-8439-40CC-839E-D3CC4B439848}.Debug|Any CPU.Build.0 = Debug|Any CPU
		{9E8E660C-8439-40CC-839E-D3CC4B439848}.Release|Any CPU.ActiveCfg = Release|Any CPU
		{9E8E660C-8439-40CC-839E-D3CC4B439848}.Release|Any CPU.Build.0 = Release|Any CPU
	EndGlobalSection
	GlobalSection(SolutionProperties) = preSolution
		HideSolutionNode = FALSE
	EndGlobalSection
	GlobalSection(ExtensibilityGlobals) = postSolution
		SolutionGuid = {59CE326D-0D17-4D62-8306-0A46D61851A4}
	EndGlobalSection
EndGlobal
