
Microsoft Visual Studio Solution File, Format Version 12.00
# Visual Studio Version 16
VisualStudioVersion = 16.0.31624.102
MinimumVisualStudioVersion = 10.0.40219.1
Project("{FAE04EC0-301F-11D3-BF4B-00C04F79EFBC}") = "UnitTestQ8", "UnitTestQ8.csproj", "{B03A02B5-C9CD-4908-94B6-636E885A2536}"
EndProject
Global
	GlobalSection(SolutionConfigurationPlatforms) = preSolution
		Debug|Any CPU = Debug|Any CPU
		Release|Any CPU = Release|Any CPU
	EndGlobalSection
	GlobalSection(ProjectConfigurationPlatforms) = postSolution
		{B03A02B5-C9CD-4908-94B6-636E885A2536}.Debug|Any CPU.ActiveCfg = Debug|Any CPU
		{B03A02B5-C9CD-4908-94B6-636E885A2536}.Debug|Any CPU.Build.0 = Debug|Any CPU
		{B03A02B5-C9CD-4908-94B6-636E885A2536}.Release|Any CPU.ActiveCfg = Release|Any CPU
		{B03A02B5-C9CD-4908-94B6-636E885A2536}.Release|Any CPU.Build.0 = Release|Any CPU
	EndGlobalSection
	GlobalSection(SolutionProperties) = preSolution
		HideSolutionNode = FALSE
	EndGlobalSection
	GlobalSection(ExtensibilityGlobals) = postSolution
		SolutionGuid = {88682AEF-C329-4F7F-A155-00B70A0B5D1E}
	EndGlobalSection
EndGlobal
