
Microsoft Visual Studio Solution File, Format Version 12.00
# Visual Studio Version 16
VisualStudioVersion = 16.0.31624.102
MinimumVisualStudioVersion = 10.0.40219.1
Project("{FAE04EC0-301F-11D3-BF4B-00C04F79EFBC}") = "PE3Q5", "PE3Q5.csproj", "{1657DA78-CF62-4293-898B-6095AC38B24B}"
EndProject
Global
	GlobalSection(SolutionConfigurationPlatforms) = preSolution
		Debug|Any CPU = Debug|Any CPU
		Release|Any CPU = Release|Any CPU
	EndGlobalSection
	GlobalSection(ProjectConfigurationPlatforms) = postSolution
		{1657DA78-CF62-4293-898B-6095AC38B24B}.Debug|Any CPU.ActiveCfg = Debug|Any CPU
		{1657DA78-CF62-4293-898B-6095AC38B24B}.Debug|Any CPU.Build.0 = Debug|Any CPU
		{1657DA78-CF62-4293-898B-6095AC38B24B}.Release|Any CPU.ActiveCfg = Release|Any CPU
		{1657DA78-CF62-4293-898B-6095AC38B24B}.Release|Any CPU.Build.0 = Release|Any CPU
	EndGlobalSection
	GlobalSection(SolutionProperties) = preSolution
		HideSolutionNode = FALSE
	EndGlobalSection
	GlobalSection(ExtensibilityGlobals) = postSolution
		SolutionGuid = {AD4CF090-1B25-43F1-B260-F7EA9D11B6B5}
	EndGlobalSection
EndGlobal
