
Microsoft Visual Studio Solution File, Format Version 12.00
# Visual Studio Version 16
VisualStudioVersion = 16.0.31624.102
MinimumVisualStudioVersion = 10.0.40219.1
Project("{FAE04EC0-301F-11D3-BF4B-00C04F79EFBC}") = "UT3Q1", "UT3Q1.csproj", "{7FBCF050-A4DD-4FFA-AD29-ADF50948E0BB}"
EndProject
Global
	GlobalSection(SolutionConfigurationPlatforms) = preSolution
		Debug|Any CPU = Debug|Any CPU
		Release|Any CPU = Release|Any CPU
	EndGlobalSection
	GlobalSection(ProjectConfigurationPlatforms) = postSolution
		{7FBCF050-A4DD-4FFA-AD29-ADF50948E0BB}.Debug|Any CPU.ActiveCfg = Debug|Any CPU
		{7FBCF050-A4DD-4FFA-AD29-ADF50948E0BB}.Debug|Any CPU.Build.0 = Debug|Any CPU
		{7FBCF050-A4DD-4FFA-AD29-ADF50948E0BB}.Release|Any CPU.ActiveCfg = Release|Any CPU
		{7FBCF050-A4DD-4FFA-AD29-ADF50948E0BB}.Release|Any CPU.Build.0 = Release|Any CPU
	EndGlobalSection
	GlobalSection(SolutionProperties) = preSolution
		HideSolutionNode = FALSE
	EndGlobalSection
	GlobalSection(ExtensibilityGlobals) = postSolution
		SolutionGuid = {EC004E52-3336-4652-BD7D-F42A7B2A4603}
	EndGlobalSection
EndGlobal
